// !$*UTF8*$!
{
	archiveVersion = 1;
	classes = {
	};
	objectVersion = 55;
	objects = {

/* Begin PBXBuildFile section */
		D4CFA5E428AA24DD00709ED9 /* DivingTipsApp.swift in Sources */ = {isa = PBXBuildFile; fileRef = D4CFA5E328AA24DD00709ED9 /* DivingTipsApp.swift */; };
		D4CFA5E628AA24DD00709ED9 /* SignInView.swift in Sources */ = {isa = PBXBuildFile; fileRef = D4CFA5E528AA24DD00709ED9 /* SignInView.swift */; };
		D4CFA5E828AA24E000709ED9 /* Assets.xcassets in Resources */ = {isa = PBXBuildFile; fileRef = D4CFA5E728AA24E000709ED9 /* Assets.xcassets */; };
		D4CFA5EB28AA24E000709ED9 /* Preview Assets.xcassets in Resources */ = {isa = PBXBuildFile; fileRef = D4CFA5EA28AA24E000709ED9 /* Preview Assets.xcassets */; };
		D4CFA5F528AA24E000709ED9 /* DivingTipsTests.swift in Sources */ = {isa = PBXBuildFile; fileRef = D4CFA5F428AA24E000709ED9 /* DivingTipsTests.swift */; };
		D4CFA5FF28AA24E000709ED9 /* DivingTipsUITests.swift in Sources */ = {isa = PBXBuildFile; fileRef = D4CFA5FE28AA24E000709ED9 /* DivingTipsUITests.swift */; };
		D4CFA60128AA24E000709ED9 /* DivingTipsUITestsLaunchTests.swift in Sources */ = {isa = PBXBuildFile; fileRef = D4CFA60028AA24E000709ED9 /* DivingTipsUITestsLaunchTests.swift */; };
		D4CFA61328AA264100709ED9 /* HomeView.swift in Sources */ = {isa = PBXBuildFile; fileRef = D4CFA61228AA264100709ED9 /* HomeView.swift */; };
		D4CFA61628AA278200709ED9 /* TabBarView.swift in Sources */ = {isa = PBXBuildFile; fileRef = D4CFA61528AA278200709ED9 /* TabBarView.swift */; };
		D4CFA61828AA2A8000709ED9 /* TabBarItem.swift in Sources */ = {isa = PBXBuildFile; fileRef = D4CFA61728AA2A8000709ED9 /* TabBarItem.swift */; };
		D4CFA61A28AA2B7500709ED9 /* TipsPostView.swift in Sources */ = {isa = PBXBuildFile; fileRef = D4CFA61928AA2B7500709ED9 /* TipsPostView.swift */; };
		D4CFA61C28AA2BB200709ED9 /* AccountView.swift in Sources */ = {isa = PBXBuildFile; fileRef = D4CFA61B28AA2BB200709ED9 /* AccountView.swift */; };
		D4CFA61E28AA654500709ED9 /* CategoryListView.swift in Sources */ = {isa = PBXBuildFile; fileRef = D4CFA61D28AA654500709ED9 /* CategoryListView.swift */; };
		D4CFA62028AA76C800709ED9 /* TipsListView.swift in Sources */ = {isa = PBXBuildFile; fileRef = D4CFA61F28AA76C800709ED9 /* TipsListView.swift */; };
		D4CFA62228AA779000709ED9 /* TipDetail.swift in Sources */ = {isa = PBXBuildFile; fileRef = D4CFA62128AA779000709ED9 /* TipDetail.swift */; };
		D4CFA62428AA959D00709ED9 /* PostButton.swift in Sources */ = {isa = PBXBuildFile; fileRef = D4CFA62328AA959D00709ED9 /* PostButton.swift */; };
		D4CFA62628AB5F5700709ED9 /* ImagePicker.swift in Sources */ = {isa = PBXBuildFile; fileRef = D4CFA62528AB5F5700709ED9 /* ImagePicker.swift */; };
		D4CFA62928AB66F600709ED9 /* UIApplication+Extension.swift in Sources */ = {isa = PBXBuildFile; fileRef = D4CFA62828AB66F600709ED9 /* UIApplication+Extension.swift */; };
		D4CFA62B28AE692D00709ED9 /* TipsDetailView.swift in Sources */ = {isa = PBXBuildFile; fileRef = D4CFA62A28AE692C00709ED9 /* TipsDetailView.swift */; };
/* End PBXBuildFile section */

/* Begin PBXContainerItemProxy section */
		D4CFA5F128AA24E000709ED9 /* PBXContainerItemProxy */ = {
			isa = PBXContainerItemProxy;
			containerPortal = D4CFA5D828AA24DD00709ED9 /* Project object */;
			proxyType = 1;
			remoteGlobalIDString = D4CFA5DF28AA24DD00709ED9;
			remoteInfo = DivingTips;
		};
		D4CFA5FB28AA24E000709ED9 /* PBXContainerItemProxy */ = {
			isa = PBXContainerItemProxy;
			containerPortal = D4CFA5D828AA24DD00709ED9 /* Project object */;
			proxyType = 1;
			remoteGlobalIDString = D4CFA5DF28AA24DD00709ED9;
			remoteInfo = DivingTips;
		};
/* End PBXContainerItemProxy section */

/* Begin PBXFileReference section */
		D4CFA5E028AA24DD00709ED9 /* DivingTips.app */ = {isa = PBXFileReference; explicitFileType = wrapper.application; includeInIndex = 0; path = DivingTips.app; sourceTree = BUILT_PRODUCTS_DIR; };
		D4CFA5E328AA24DD00709ED9 /* DivingTipsApp.swift */ = {isa = PBXFileReference; lastKnownFileType = sourcecode.swift; path = DivingTipsApp.swift; sourceTree = "<group>"; };
		D4CFA5E528AA24DD00709ED9 /* SignInView.swift */ = {isa = PBXFileReference; lastKnownFileType = sourcecode.swift; path = SignInView.swift; sourceTree = "<group>"; };
		D4CFA5E728AA24E000709ED9 /* Assets.xcassets */ = {isa = PBXFileReference; lastKnownFileType = folder.assetcatalog; path = Assets.xcassets; sourceTree = "<group>"; };
		D4CFA5EA28AA24E000709ED9 /* Preview Assets.xcassets */ = {isa = PBXFileReference; lastKnownFileType = folder.assetcatalog; path = "Preview Assets.xcassets"; sourceTree = "<group>"; };
		D4CFA5F028AA24E000709ED9 /* DivingTipsTests.xctest */ = {isa = PBXFileReference; explicitFileType = wrapper.cfbundle; includeInIndex = 0; path = DivingTipsTests.xctest; sourceTree = BUILT_PRODUCTS_DIR; };
		D4CFA5F428AA24E000709ED9 /* DivingTipsTests.swift */ = {isa = PBXFileReference; lastKnownFileType = sourcecode.swift; path = DivingTipsTests.swift; sourceTree = "<group>"; };
		D4CFA5FA28AA24E000709ED9 /* DivingTipsUITests.xctest */ = {isa = PBXFileReference; explicitFileType = wrapper.cfbundle; includeInIndex = 0; path = DivingTipsUITests.xctest; sourceTree = BUILT_PRODUCTS_DIR; };
		D4CFA5FE28AA24E000709ED9 /* DivingTipsUITests.swift */ = {isa = PBXFileReference; lastKnownFileType = sourcecode.swift; path = DivingTipsUITests.swift; sourceTree = "<group>"; };
		D4CFA60028AA24E000709ED9 /* DivingTipsUITestsLaunchTests.swift */ = {isa = PBXFileReference; lastKnownFileType = sourcecode.swift; path = DivingTipsUITestsLaunchTests.swift; sourceTree = "<group>"; };
		D4CFA61228AA264100709ED9 /* HomeView.swift */ = {isa = PBXFileReference; lastKnownFileType = sourcecode.swift; path = HomeView.swift; sourceTree = "<group>"; };
		D4CFA61528AA278200709ED9 /* TabBarView.swift */ = {isa = PBXFileReference; lastKnownFileType = sourcecode.swift; path = TabBarView.swift; sourceTree = "<group>"; };
		D4CFA61728AA2A8000709ED9 /* TabBarItem.swift */ = {isa = PBXFileReference; lastKnownFileType = sourcecode.swift; path = TabBarItem.swift; sourceTree = "<group>"; };
		D4CFA61928AA2B7500709ED9 /* TipsPostView.swift */ = {isa = PBXFileReference; lastKnownFileType = sourcecode.swift; path = TipsPostView.swift; sourceTree = "<group>"; };
		D4CFA61B28AA2BB200709ED9 /* AccountView.swift */ = {isa = PBXFileReference; lastKnownFileType = sourcecode.swift; path = AccountView.swift; sourceTree = "<group>"; };
		D4CFA61D28AA654500709ED9 /* CategoryListView.swift */ = {isa = PBXFileReference; lastKnownFileType = sourcecode.swift; path = CategoryListView.swift; sourceTree = "<group>"; };
		D4CFA61F28AA76C800709ED9 /* TipsListView.swift */ = {isa = PBXFileReference; lastKnownFileType = sourcecode.swift; path = TipsListView.swift; sourceTree = "<group>"; };
		D4CFA62128AA779000709ED9 /* TipDetail.swift */ = {isa = PBXFileReference; lastKnownFileType = sourcecode.swift; path = TipDetail.swift; sourceTree = "<group>"; };
		D4CFA62328AA959D00709ED9 /* PostButton.swift */ = {isa = PBXFileReference; lastKnownFileType = sourcecode.swift; path = PostButton.swift; sourceTree = "<group>"; };
		D4CFA62528AB5F5700709ED9 /* ImagePicker.swift */ = {isa = PBXFileReference; lastKnownFileType = sourcecode.swift; path = ImagePicker.swift; sourceTree = "<group>"; };
		D4CFA62828AB66F600709ED9 /* UIApplication+Extension.swift */ = {isa = PBXFileReference; lastKnownFileType = sourcecode.swift; path = "UIApplication+Extension.swift"; sourceTree = "<group>"; };
		D4CFA62A28AE692C00709ED9 /* TipsDetailView.swift */ = {isa = PBXFileReference; lastKnownFileType = sourcecode.swift; path = TipsDetailView.swift; sourceTree = "<group>"; };
/* End PBXFileReference section */

/* Begin PBXFrameworksBuildPhase section */
		D4CFA5DD28AA24DD00709ED9 /* Frameworks */ = {
			isa = PBXFrameworksBuildPhase;
			buildActionMask = 2147483647;
			files = (
			);
			runOnlyForDeploymentPostprocessing = 0;
		};
		D4CFA5ED28AA24E000709ED9 /* Frameworks */ = {
			isa = PBXFrameworksBuildPhase;
			buildActionMask = 2147483647;
			files = (
			);
			runOnlyForDeploymentPostprocessing = 0;
		};
		D4CFA5F728AA24E000709ED9 /* Frameworks */ = {
			isa = PBXFrameworksBuildPhase;
			buildActionMask = 2147483647;
			files = (
			);
			runOnlyForDeploymentPostprocessing = 0;
		};
/* End PBXFrameworksBuildPhase section */

/* Begin PBXGroup section */
		D4CFA5D728AA24DD00709ED9 = {
			isa = PBXGroup;
			children = (
				D4CFA5E228AA24DD00709ED9 /* DivingTips */,
				D4CFA5F328AA24E000709ED9 /* DivingTipsTests */,
				D4CFA5FD28AA24E000709ED9 /* DivingTipsUITests */,
				D4CFA5E128AA24DD00709ED9 /* Products */,
			);
			sourceTree = "<group>";
		};
		D4CFA5E128AA24DD00709ED9 /* Products */ = {
			isa = PBXGroup;
			children = (
				D4CFA5E028AA24DD00709ED9 /* DivingTips.app */,
				D4CFA5F028AA24E000709ED9 /* DivingTipsTests.xctest */,
				D4CFA5FA28AA24E000709ED9 /* DivingTipsUITests.xctest */,
			);
			name = Products;
			sourceTree = "<group>";
		};
		D4CFA5E228AA24DD00709ED9 /* DivingTips */ = {
			isa = PBXGroup;
			children = (
				D4CFA62728AB66E500709ED9 /* Extensions */,
				D4CFA61428AA277700709ED9 /* TabBar */,
				D4CFA61128AA259800709ED9 /* Account */,
				D4CFA61028AA258500709ED9 /* TipsPost */,
				D4CFA60F28AA256D00709ED9 /* TipsDetail */,
				D4CFA60E28AA256700709ED9 /* Home */,
				D4CFA60D28AA255B00709ED9 /* SignIn */,
				D4CFA5E328AA24DD00709ED9 /* DivingTipsApp.swift */,
				D4CFA5E728AA24E000709ED9 /* Assets.xcassets */,
				D4CFA5E928AA24E000709ED9 /* Preview Content */,
			);
			path = DivingTips;
			sourceTree = "<group>";
		};
		D4CFA5E928AA24E000709ED9 /* Preview Content */ = {
			isa = PBXGroup;
			children = (
				D4CFA5EA28AA24E000709ED9 /* Preview Assets.xcassets */,
			);
			path = "Preview Content";
			sourceTree = "<group>";
		};
		D4CFA5F328AA24E000709ED9 /* DivingTipsTests */ = {
			isa = PBXGroup;
			children = (
				D4CFA5F428AA24E000709ED9 /* DivingTipsTests.swift */,
			);
			path = DivingTipsTests;
			sourceTree = "<group>";
		};
		D4CFA5FD28AA24E000709ED9 /* DivingTipsUITests */ = {
			isa = PBXGroup;
			children = (
				D4CFA5FE28AA24E000709ED9 /* DivingTipsUITests.swift */,
				D4CFA60028AA24E000709ED9 /* DivingTipsUITestsLaunchTests.swift */,
			);
			path = DivingTipsUITests;
			sourceTree = "<group>";
		};
		D4CFA60D28AA255B00709ED9 /* SignIn */ = {
			isa = PBXGroup;
			children = (
				D4CFA5E528AA24DD00709ED9 /* SignInView.swift */,
			);
			path = SignIn;
			sourceTree = "<group>";
		};
		D4CFA60E28AA256700709ED9 /* Home */ = {
			isa = PBXGroup;
			children = (
				D4CFA61228AA264100709ED9 /* HomeView.swift */,
				D4CFA61D28AA654500709ED9 /* CategoryListView.swift */,
				D4CFA61F28AA76C800709ED9 /* TipsListView.swift */,
				D4CFA62128AA779000709ED9 /* TipDetail.swift */,
				D4CFA62328AA959D00709ED9 /* PostButton.swift */,
			);
			path = Home;
			sourceTree = "<group>";
		};
		D4CFA60F28AA256D00709ED9 /* TipsDetail */ = {
			isa = PBXGroup;
			children = (
				D4CFA62A28AE692C00709ED9 /* TipsDetailView.swift */,
			);
			path = TipsDetail;
			sourceTree = "<group>";
		};
		D4CFA61028AA258500709ED9 /* TipsPost */ = {
			isa = PBXGroup;
			children = (
				D4CFA61928AA2B7500709ED9 /* TipsPostView.swift */,
				D4CFA62528AB5F5700709ED9 /* ImagePicker.swift */,
			);
			path = TipsPost;
			sourceTree = "<group>";
		};
		D4CFA61128AA259800709ED9 /* Account */ = {
			isa = PBXGroup;
			children = (
				D4CFA61B28AA2BB200709ED9 /* AccountView.swift */,
			);
			path = Account;
			sourceTree = "<group>";
		};
		D4CFA61428AA277700709ED9 /* TabBar */ = {
			isa = PBXGroup;
			children = (
				D4CFA61528AA278200709ED9 /* TabBarView.swift */,
				D4CFA61728AA2A8000709ED9 /* TabBarItem.swift */,
			);
			path = TabBar;
			sourceTree = "<group>";
		};
		D4CFA62728AB66E500709ED9 /* Extensions */ = {
			isa = PBXGroup;
			children = (
				D4CFA62828AB66F600709ED9 /* UIApplication+Extension.swift */,
			);
			path = Extensions;
			sourceTree = "<group>";
		};
/* End PBXGroup section */

/* Begin PBXNativeTarget section */
		D4CFA5DF28AA24DD00709ED9 /* DivingTips */ = {
			isa = PBXNativeTarget;
			buildConfigurationList = D4CFA60428AA24E000709ED9 /* Build configuration list for PBXNativeTarget "DivingTips" */;
			buildPhases = (
				D4CFA5DC28AA24DD00709ED9 /* Sources */,
				D4CFA5DD28AA24DD00709ED9 /* Frameworks */,
				D4CFA5DE28AA24DD00709ED9 /* Resources */,
			);
			buildRules = (
			);
			dependencies = (
			);
			name = DivingTips;
			productName = DivingTips;
			productReference = D4CFA5E028AA24DD00709ED9 /* DivingTips.app */;
			productType = "com.apple.product-type.application";
		};
		D4CFA5EF28AA24E000709ED9 /* DivingTipsTests */ = {
			isa = PBXNativeTarget;
			buildConfigurationList = D4CFA60728AA24E000709ED9 /* Build configuration list for PBXNativeTarget "DivingTipsTests" */;
			buildPhases = (
				D4CFA5EC28AA24E000709ED9 /* Sources */,
				D4CFA5ED28AA24E000709ED9 /* Frameworks */,
				D4CFA5EE28AA24E000709ED9 /* Resources */,
			);
			buildRules = (
			);
			dependencies = (
				D4CFA5F228AA24E000709ED9 /* PBXTargetDependency */,
			);
			name = DivingTipsTests;
			productName = DivingTipsTests;
			productReference = D4CFA5F028AA24E000709ED9 /* DivingTipsTests.xctest */;
			productType = "com.apple.product-type.bundle.unit-test";
		};
		D4CFA5F928AA24E000709ED9 /* DivingTipsUITests */ = {
			isa = PBXNativeTarget;
			buildConfigurationList = D4CFA60A28AA24E000709ED9 /* Build configuration list for PBXNativeTarget "DivingTipsUITests" */;
			buildPhases = (
				D4CFA5F628AA24E000709ED9 /* Sources */,
				D4CFA5F728AA24E000709ED9 /* Frameworks */,
				D4CFA5F828AA24E000709ED9 /* Resources */,
			);
			buildRules = (
			);
			dependencies = (
				D4CFA5FC28AA24E000709ED9 /* PBXTargetDependency */,
			);
			name = DivingTipsUITests;
			productName = DivingTipsUITests;
			productReference = D4CFA5FA28AA24E000709ED9 /* DivingTipsUITests.xctest */;
			productType = "com.apple.product-type.bundle.ui-testing";
		};
/* End PBXNativeTarget section */

/* Begin PBXProject section */
		D4CFA5D828AA24DD00709ED9 /* Project object */ = {
			isa = PBXProject;
			attributes = {
				BuildIndependentTargetsInParallel = 1;
				LastSwiftUpdateCheck = 1340;
				LastUpgradeCheck = 1340;
				TargetAttributes = {
					D4CFA5DF28AA24DD00709ED9 = {
						CreatedOnToolsVersion = 13.4.1;
					};
					D4CFA5EF28AA24E000709ED9 = {
						CreatedOnToolsVersion = 13.4.1;
						TestTargetID = D4CFA5DF28AA24DD00709ED9;
					};
					D4CFA5F928AA24E000709ED9 = {
						CreatedOnToolsVersion = 13.4.1;
						TestTargetID = D4CFA5DF28AA24DD00709ED9;
					};
				};
			};
			buildConfigurationList = D4CFA5DB28AA24DD00709ED9 /* Build configuration list for PBXProject "DivingTips" */;
			compatibilityVersion = "Xcode 13.0";
			developmentRegion = en;
			hasScannedForEncodings = 0;
			knownRegions = (
				en,
				Base,
			);
			mainGroup = D4CFA5D728AA24DD00709ED9;
			productRefGroup = D4CFA5E128AA24DD00709ED9 /* Products */;
			projectDirPath = "";
			projectRoot = "";
			targets = (
				D4CFA5DF28AA24DD00709ED9 /* DivingTips */,
				D4CFA5EF28AA24E000709ED9 /* DivingTipsTests */,
				D4CFA5F928AA24E000709ED9 /* DivingTipsUITests */,
			);
		};
/* End PBXProject section */

/* Begin PBXResourcesBuildPhase section */
		D4CFA5DE28AA24DD00709ED9 /* Resources */ = {
			isa = PBXResourcesBuildPhase;
			buildActionMask = 2147483647;
			files = (
				D4CFA5EB28AA24E000709ED9 /* Preview Assets.xcassets in Resources */,
				D4CFA5E828AA24E000709ED9 /* Assets.xcassets in Resources */,
			);
			runOnlyForDeploymentPostprocessing = 0;
		};
		D4CFA5EE28AA24E000709ED9 /* Resources */ = {
			isa = PBXResourcesBuildPhase;
			buildActionMask = 2147483647;
			files = (
			);
			runOnlyForDeploymentPostprocessing = 0;
		};
		D4CFA5F828AA24E000709ED9 /* Resources */ = {
			isa = PBXResourcesBuildPhase;
			buildActionMask = 2147483647;
			files = (
			);
			runOnlyForDeploymentPostprocessing = 0;
		};
/* End PBXResourcesBuildPhase section */

/* Begin PBXSourcesBuildPhase section */
		D4CFA5DC28AA24DD00709ED9 /* Sources */ = {
			isa = PBXSourcesBuildPhase;
			buildActionMask = 2147483647;
			files = (
				D4CFA62428AA959D00709ED9 /* PostButton.swift in Sources */,
				D4CFA61328AA264100709ED9 /* HomeView.swift in Sources */,
				D4CFA61A28AA2B7500709ED9 /* TipsPostView.swift in Sources */,
				D4CFA62028AA76C800709ED9 /* TipsListView.swift in Sources */,
				D4CFA5E628AA24DD00709ED9 /* SignInView.swift in Sources */,
				D4CFA61828AA2A8000709ED9 /* TabBarItem.swift in Sources */,
				D4CFA61C28AA2BB200709ED9 /* AccountView.swift in Sources */,
				D4CFA61628AA278200709ED9 /* TabBarView.swift in Sources */,
				D4CFA62B28AE692D00709ED9 /* TipsDetailView.swift in Sources */,
				D4CFA61E28AA654500709ED9 /* CategoryListView.swift in Sources */,
				D4CFA62628AB5F5700709ED9 /* ImagePicker.swift in Sources */,
				D4CFA62228AA779000709ED9 /* TipDetail.swift in Sources */,
				D4CFA5E428AA24DD00709ED9 /* DivingTipsApp.swift in Sources */,
				D4CFA62928AB66F600709ED9 /* UIApplication+Extension.swift in Sources */,
			);
			runOnlyForDeploymentPostprocessing = 0;
		};
		D4CFA5EC28AA24E000709ED9 /* Sources */ = {
			isa = PBXSourcesBuildPhase;
			buildActionMask = 2147483647;
			files = (
				D4CFA5F528AA24E000709ED9 /* DivingTipsTests.swift in Sources */,
			);
			runOnlyForDeploymentPostprocessing = 0;
		};
		D4CFA5F628AA24E000709ED9 /* Sources */ = {
			isa = PBXSourcesBuildPhase;
			buildActionMask = 2147483647;
			files = (
				D4CFA5FF28AA24E000709ED9 /* DivingTipsUITests.swift in Sources */,
				D4CFA60128AA24E000709ED9 /* DivingTipsUITestsLaunchTests.swift in Sources */,
			);
			runOnlyForDeploymentPostprocessing = 0;
		};
/* End PBXSourcesBuildPhase section */

/* Begin PBXTargetDependency section */
		D4CFA5F228AA24E000709ED9 /* PBXTargetDependency */ = {
			isa = PBXTargetDependency;
			target = D4CFA5DF28AA24DD00709ED9 /* DivingTips */;
			targetProxy = D4CFA5F128AA24E000709ED9 /* PBXContainerItemProxy */;
		};
		D4CFA5FC28AA24E000709ED9 /* PBXTargetDependency */ = {
			isa = PBXTargetDependency;
			target = D4CFA5DF28AA24DD00709ED9 /* DivingTips */;
			targetProxy = D4CFA5FB28AA24E000709ED9 /* PBXContainerItemProxy */;
		};
/* End PBXTargetDependency section */

/* Begin XCBuildConfiguration section */
		D4CFA60228AA24E000709ED9 /* Debug */ = {
			isa = XCBuildConfiguration;
			buildSettings = {
				ALWAYS_SEARCH_USER_PATHS = NO;
				CLANG_ANALYZER_NONNULL = YES;
				CLANG_ANALYZER_NUMBER_OBJECT_CONVERSION = YES_AGGRESSIVE;
				CLANG_CXX_LANGUAGE_STANDARD = "gnu++17";
				CLANG_ENABLE_MODULES = YES;
				CLANG_ENABLE_OBJC_ARC = YES;
				CLANG_ENABLE_OBJC_WEAK = YES;
				CLANG_WARN_BLOCK_CAPTURE_AUTORELEASING = YES;
				CLANG_WARN_BOOL_CONVERSION = YES;
				CLANG_WARN_COMMA = YES;
				CLANG_WARN_CONSTANT_CONVERSION = YES;
				CLANG_WARN_DEPRECATED_OBJC_IMPLEMENTATIONS = YES;
				CLANG_WARN_DIRECT_OBJC_ISA_USAGE = YES_ERROR;
				CLANG_WARN_DOCUMENTATION_COMMENTS = YES;
				CLANG_WARN_EMPTY_BODY = YES;
				CLANG_WARN_ENUM_CONVERSION = YES;
				CLANG_WARN_INFINITE_RECURSION = YES;
				CLANG_WARN_INT_CONVERSION = YES;
				CLANG_WARN_NON_LITERAL_NULL_CONVERSION = YES;
				CLANG_WARN_OBJC_IMPLICIT_RETAIN_SELF = YES;
				CLANG_WARN_OBJC_LITERAL_CONVERSION = YES;
				CLANG_WARN_OBJC_ROOT_CLASS = YES_ERROR;
				CLANG_WARN_QUOTED_INCLUDE_IN_FRAMEWORK_HEADER = YES;
				CLANG_WARN_RANGE_LOOP_ANALYSIS = YES;
				CLANG_WARN_STRICT_PROTOTYPES = YES;
				CLANG_WARN_SUSPICIOUS_MOVE = YES;
				CLANG_WARN_UNGUARDED_AVAILABILITY = YES_AGGRESSIVE;
				CLANG_WARN_UNREACHABLE_CODE = YES;
				CLANG_WARN__DUPLICATE_METHOD_MATCH = YES;
				COPY_PHASE_STRIP = NO;
				DEBUG_INFORMATION_FORMAT = dwarf;
				ENABLE_STRICT_OBJC_MSGSEND = YES;
				ENABLE_TESTABILITY = YES;
				GCC_C_LANGUAGE_STANDARD = gnu11;
				GCC_DYNAMIC_NO_PIC = NO;
				GCC_NO_COMMON_BLOCKS = YES;
				GCC_OPTIMIZATION_LEVEL = 0;
				GCC_PREPROCESSOR_DEFINITIONS = (
					"DEBUG=1",
					"$(inherited)",
				);
				GCC_WARN_64_TO_32_BIT_CONVERSION = YES;
				GCC_WARN_ABOUT_RETURN_TYPE = YES_ERROR;
				GCC_WARN_UNDECLARED_SELECTOR = YES;
				GCC_WARN_UNINITIALIZED_AUTOS = YES_AGGRESSIVE;
				GCC_WARN_UNUSED_FUNCTION = YES;
				GCC_WARN_UNUSED_VARIABLE = YES;
				IPHONEOS_DEPLOYMENT_TARGET = 15.5;
				MTL_ENABLE_DEBUG_INFO = INCLUDE_SOURCE;
				MTL_FAST_MATH = YES;
				ONLY_ACTIVE_ARCH = YES;
				SDKROOT = iphoneos;
				SWIFT_ACTIVE_COMPILATION_CONDITIONS = DEBUG;
				SWIFT_OPTIMIZATION_LEVEL = "-Onone";
			};
			name = Debug;
		};
		D4CFA60328AA24E000709ED9 /* Release */ = {
			isa = XCBuildConfiguration;
			buildSettings = {
				ALWAYS_SEARCH_USER_PATHS = NO;
				CLANG_ANALYZER_NONNULL = YES;
				CLANG_ANALYZER_NUMBER_OBJECT_CONVERSION = YES_AGGRESSIVE;
				CLANG_CXX_LANGUAGE_STANDARD = "gnu++17";
				CLANG_ENABLE_MODULES = YES;
				CLANG_ENABLE_OBJC_ARC = YES;
				CLANG_ENABLE_OBJC_WEAK = YES;
				CLANG_WARN_BLOCK_CAPTURE_AUTORELEASING = YES;
				CLANG_WARN_BOOL_CONVERSION = YES;
				CLANG_WARN_COMMA = YES;
				CLANG_WARN_CONSTANT_CONVERSION = YES;
				CLANG_WARN_DEPRECATED_OBJC_IMPLEMENTATIONS = YES;
				CLANG_WARN_DIRECT_OBJC_ISA_USAGE = YES_ERROR;
				CLANG_WARN_DOCUMENTATION_COMMENTS = YES;
				CLANG_WARN_EMPTY_BODY = YES;
				CLANG_WARN_ENUM_CONVERSION = YES;
				CLANG_WARN_INFINITE_RECURSION = YES;
				CLANG_WARN_INT_CONVERSION = YES;
				CLANG_WARN_NON_LITERAL_NULL_CONVERSION = YES;
				CLANG_WARN_OBJC_IMPLICIT_RETAIN_SELF = YES;
				CLANG_WARN_OBJC_LITERAL_CONVERSION = YES;
				CLANG_WARN_OBJC_ROOT_CLASS = YES_ERROR;
				CLANG_WARN_QUOTED_INCLUDE_IN_FRAMEWORK_HEADER = YES;
				CLANG_WARN_RANGE_LOOP_ANALYSIS = YES;
				CLANG_WARN_STRICT_PROTOTYPES = YES;
				CLANG_WARN_SUSPICIOUS_MOVE = YES;
				CLANG_WARN_UNGUARDED_AVAILABILITY = YES_AGGRESSIVE;
				CLANG_WARN_UNREACHABLE_CODE = YES;
				CLANG_WARN__DUPLICATE_METHOD_MATCH = YES;
				COPY_PHASE_STRIP = NO;
				DEBUG_INFORMATION_FORMAT = "dwarf-with-dsym";
				ENABLE_NS_ASSERTIONS = NO;
				ENABLE_STRICT_OBJC_MSGSEND = YES;
				GCC_C_LANGUAGE_STANDARD = gnu11;
				GCC_NO_COMMON_BLOCKS = YES;
				GCC_WARN_64_TO_32_BIT_CONVERSION = YES;
				GCC_WARN_ABOUT_RETURN_TYPE = YES_ERROR;
				GCC_WARN_UNDECLARED_SELECTOR = YES;
				GCC_WARN_UNINITIALIZED_AUTOS = YES_AGGRESSIVE;
				GCC_WARN_UNUSED_FUNCTION = YES;
				GCC_WARN_UNUSED_VARIABLE = YES;
				IPHONEOS_DEPLOYMENT_TARGET = 15.5;
				MTL_ENABLE_DEBUG_INFO = NO;
				MTL_FAST_MATH = YES;
				SDKROOT = iphoneos;
				SWIFT_COMPILATION_MODE = wholemodule;
				SWIFT_OPTIMIZATION_LEVEL = "-O";
				VALIDATE_PRODUCT = YES;
			};
			name = Release;
		};
		D4CFA60528AA24E000709ED9 /* Debug */ = {
			isa = XCBuildConfiguration;
			buildSettings = {
				ASSETCATALOG_COMPILER_APPICON_NAME = AppIcon;
				ASSETCATALOG_COMPILER_GLOBAL_ACCENT_COLOR_NAME = AccentColor;
				CODE_SIGN_STYLE = Automatic;
				CURRENT_PROJECT_VERSION = 1;
				DEVELOPMENT_ASSET_PATHS = "\"DivingTips/Preview Content\"";
				DEVELOPMENT_TEAM = 95L82PNXV3;
				ENABLE_PREVIEWS = YES;
				GENERATE_INFOPLIST_FILE = YES;
				INFOPLIST_KEY_NSPhotoLibraryUsageDescription = "This allows the app to access the photo library to import or save a photo at the user's request";
				INFOPLIST_KEY_UIApplicationSceneManifest_Generation = YES;
				INFOPLIST_KEY_UIApplicationSupportsIndirectInputEvents = YES;
				INFOPLIST_KEY_UILaunchScreen_Generation = YES;
				INFOPLIST_KEY_UISupportedInterfaceOrientations_iPad = "UIInterfaceOrientationPortrait UIInterfaceOrientationPortraitUpsideDown UIInterfaceOrientationLandscapeLeft UIInterfaceOrientationLandscapeRight";
				INFOPLIST_KEY_UISupportedInterfaceOrientations_iPhone = "UIInterfaceOrientationPortrait UIInterfaceOrientationLandscapeLeft UIInterfaceOrientationLandscapeRight";
				INFOPLIST_KEY_UIUserInterfaceStyle = Light;
				LD_RUNPATH_SEARCH_PATHS = (
					"$(inherited)",
					"@executable_path/Frameworks",
				);
				MARKETING_VERSION = 1.0;
				PRODUCT_BUNDLE_IDENTIFIER = com.kamimi.DivingTips;
				PRODUCT_NAME = "$(TARGET_NAME)";
				SWIFT_EMIT_LOC_STRINGS = YES;
				SWIFT_VERSION = 5.0;
				TARGETED_DEVICE_FAMILY = "1,2";
			};
			name = Debug;
		};
		D4CFA60628AA24E000709ED9 /* Release */ = {
			isa = XCBuildConfiguration;
			buildSettings = {
				ASSETCATALOG_COMPILER_APPICON_NAME = AppIcon;
				ASSETCATALOG_COMPILER_GLOBAL_ACCENT_COLOR_NAME = AccentColor;
				CODE_SIGN_STYLE = Automatic;
				CURRENT_PROJECT_VERSION = 1;
				DEVELOPMENT_ASSET_PATHS = "\"DivingTips/Preview Content\"";
				DEVELOPMENT_TEAM = 95L82PNXV3;
				ENABLE_PREVIEWS = YES;
				GENERATE_INFOPLIST_FILE = YES;
				INFOPLIST_KEY_NSPhotoLibraryUsageDescription = "This allows the app to access the photo library to import or save a photo at the user's request";
				INFOPLIST_KEY_UIApplicationSceneManifest_Generation = YES;
				INFOPLIST_KEY_UIApplicationSupportsIndirectInputEvents = YES;
				INFOPLIST_KEY_UILaunchScreen_Generation = YES;
				INFOPLIST_KEY_UISupportedInterfaceOrientations_iPad = "UIInterfaceOrientationPortrait UIInterfaceOrientationPortraitUpsideDown UIInterfaceOrientationLandscapeLeft UIInterfaceOrientationLandscapeRight";
				INFOPLIST_KEY_UISupportedInterfaceOrientations_iPhone = "UIInterfaceOrientationPortrait UIInterfaceOrientationLandscapeLeft UIInterfaceOrientationLandscapeRight";
				INFOPLIST_KEY_UIUserInterfaceStyle = Light;
				LD_RUNPATH_SEARCH_PATHS = (
					"$(inherited)",
					"@executable_path/Frameworks",
				);
				MARKETING_VERSION = 1.0;
				PRODUCT_BUNDLE_IDENTIFIER = com.kamimi.DivingTips;
				PRODUCT_NAME = "$(TARGET_NAME)";
				SWIFT_EMIT_LOC_STRINGS = YES;
				SWIFT_VERSION = 5.0;
				TARGETED_DEVICE_FAMILY = "1,2";
			};
			name = Release;
		};
		D4CFA60828AA24E000709ED9 /* Debug */ = {
			isa = XCBuildConfiguration;
			buildSettings = {
				ALWAYS_EMBED_SWIFT_STANDARD_LIBRARIES = YES;
				BUNDLE_LOADER = "$(TEST_HOST)";
				CODE_SIGN_STYLE = Automatic;
				CURRENT_PROJECT_VERSION = 1;
				DEVELOPMENT_TEAM = 95L82PNXV3;
				GENERATE_INFOPLIST_FILE = YES;
				IPHONEOS_DEPLOYMENT_TARGET = 15.5;
				MARKETING_VERSION = 1.0;
				PRODUCT_BUNDLE_IDENTIFIER = com.kamimi.DivingTipsTests;
				PRODUCT_NAME = "$(TARGET_NAME)";
				SWIFT_EMIT_LOC_STRINGS = NO;
				SWIFT_VERSION = 5.0;
				TARGETED_DEVICE_FAMILY = "1,2";
				TEST_HOST = "$(BUILT_PRODUCTS_DIR)/DivingTips.app/DivingTips";
			};
			name = Debug;
		};
		D4CFA60928AA24E000709ED9 /* Release */ = {
			isa = XCBuildConfiguration;
			buildSettings = {
				ALWAYS_EMBED_SWIFT_STANDARD_LIBRARIES = YES;
				BUNDLE_LOADER = "$(TEST_HOST)";
				CODE_SIGN_STYLE = Automatic;
				CURRENT_PROJECT_VERSION = 1;
				DEVELOPMENT_TEAM = 95L82PNXV3;
				GENERATE_INFOPLIST_FILE = YES;
				IPHONEOS_DEPLOYMENT_TARGET = 15.5;
				MARKETING_VERSION = 1.0;
				PRODUCT_BUNDLE_IDENTIFIER = com.kamimi.DivingTipsTests;
				PRODUCT_NAME = "$(TARGET_NAME)";
				SWIFT_EMIT_LOC_STRINGS = NO;
				SWIFT_VERSION = 5.0;
				TARGETED_DEVICE_FAMILY = "1,2";
				TEST_HOST = "$(BUILT_PRODUCTS_DIR)/DivingTips.app/DivingTips";
			};
			name = Release;
		};
		D4CFA60B28AA24E000709ED9 /* Debug */ = {
			isa = XCBuildConfiguration;
			buildSettings = {
				ALWAYS_EMBED_SWIFT_STANDARD_LIBRARIES = YES;
				CODE_SIGN_STYLE = Automatic;
				CURRENT_PROJECT_VERSION = 1;
				DEVELOPMENT_TEAM = 95L82PNXV3;
				GENERATE_INFOPLIST_FILE = YES;
				MARKETING_VERSION = 1.0;
				PRODUCT_BUNDLE_IDENTIFIER = com.kamimi.DivingTipsUITests;
				PRODUCT_NAME = "$(TARGET_NAME)";
				SWIFT_EMIT_LOC_STRINGS = NO;
				SWIFT_VERSION = 5.0;
				TARGETED_DEVICE_FAMILY = "1,2";
				TEST_TARGET_NAME = DivingTips;
			};
			name = Debug;
		};
		D4CFA60C28AA24E000709ED9 /* Release */ = {
			isa = XCBuildConfiguration;
			buildSettings = {
				ALWAYS_EMBED_SWIFT_STANDARD_LIBRARIES = YES;
				CODE_SIGN_STYLE = Automatic;
				CURRENT_PROJECT_VERSION = 1;
				DEVELOPMENT_TEAM = 95L82PNXV3;
				GENERATE_INFOPLIST_FILE = YES;
				MARKETING_VERSION = 1.0;
				PRODUCT_BUNDLE_IDENTIFIER = com.kamimi.DivingTipsUITests;
				PRODUCT_NAME = "$(TARGET_NAME)";
				SWIFT_EMIT_LOC_STRINGS = NO;
				SWIFT_VERSION = 5.0;
				TARGETED_DEVICE_FAMILY = "1,2";
				TEST_TARGET_NAME = DivingTips;
			};
			name = Release;
		};
/* End XCBuildConfiguration section */

/* Begin XCConfigurationList section */
		D4CFA5DB28AA24DD00709ED9 /* Build configuration list for PBXProject "DivingTips" */ = {
			isa = XCConfigurationList;
			buildConfigurations = (
				D4CFA60228AA24E000709ED9 /* Debug */,
				D4CFA60328AA24E000709ED9 /* Release */,
			);
			defaultConfigurationIsVisible = 0;
			defaultConfigurationName = Release;
		};
		D4CFA60428AA24E000709ED9 /* Build configuration list for PBXNativeTarget "DivingTips" */ = {
			isa = XCConfigurationList;
			buildConfigurations = (
				D4CFA60528AA24E000709ED9 /* Debug */,
				D4CFA60628AA24E000709ED9 /* Release */,
			);
			defaultConfigurationIsVisible = 0;
			defaultConfigurationName = Release;
		};
		D4CFA60728AA24E000709ED9 /* Build configuration list for PBXNativeTarget "DivingTipsTests" */ = {
			isa = XCConfigurationList;
			buildConfigurations = (
				D4CFA60828AA24E000709ED9 /* Debug */,
				D4CFA60928AA24E000709ED9 /* Release */,
			);
			defaultConfigurationIsVisible = 0;
			defaultConfigurationName = Release;
		};
		D4CFA60A28AA24E000709ED9 /* Build configuration list for PBXNativeTarget "DivingTipsUITests" */ = {
			isa = XCConfigurationList;
			buildConfigurations = (
				D4CFA60B28AA24E000709ED9 /* Debug */,
				D4CFA60C28AA24E000709ED9 /* Release */,
			);
			defaultConfigurationIsVisible = 0;
			defaultConfigurationName = Release;
		};
/* End XCConfigurationList section */
	};
	rootObject = D4CFA5D828AA24DD00709ED9 /* Project object */;
}
